Microsoft Visual Studio Solution File, Format Version 12.00
# Visual Studio Version 17
VisualStudioVersion = 17.5.2.0
MinimumVisualStudioVersion = 10.0.40219.1
Project("{2150E333-8FDC-42A3-9474-1A3956D46DE8}") = "frontend", "frontend", "{CE609670-85B9-0D16-FB54-ED063D5D8A6D}"
EndProject
Project("{FAE04EC0-301F-11D3-BF4B-00C04F79EFBC}") = "WPFNotesApp", "frontend\WPFNotesApp\WPFNotesApp.csproj", "{B2466682-5C13-2C9F-33C7-B52267C09066}"
EndProject
Global
	GlobalSection(SolutionConfigurationPlatforms) = preSolution
		Debug|Any CPU = Debug|Any CPU
		Release|Any CPU = Release|Any CPU
	EndGlobalSection
	GlobalSection(ProjectConfigurationPlatforms) = postSolution
		{B2466682-5C13-2C9F-33C7-B52267C09066}.Debug|Any CPU.ActiveCfg = Debug|Any CPU
		{B2466682-5C13-2C9F-33C7-B52267C09066}.Debug|Any CPU.Build.0 = Debug|Any CPU
		{B2466682-5C13-2C9F-33C7-B52267C09066}.Release|Any CPU.ActiveCfg = Release|Any CPU
		{B2466682-5C13-2C9F-33C7-B52267C09066}.Release|Any CPU.Build.0 = Release|Any CPU
	EndGlobalSection
	GlobalSection(SolutionProperties) = preSolution
		HideSolutionNode = FALSE
	EndGlobalSection
	GlobalSection(NestedProjects) = preSolution
		{B2466682-5C13-2C9F-33C7-B52267C09066} = {CE609670-85B9-0D16-FB54-ED063D5D8A6D}
	EndGlobalSection
	GlobalSection(ExtensibilityGlobals) = postSolution
		SolutionGuid = {2FC1E724-8F08-49D0-9462-7FA4672CD5D1}
	EndGlobalSection
EndGlobal
